adbutils==2.12.0
    # via uiautomator2
annotated-doc==0.0.4
    # via fastapi
annotated-types==0.7.0
    # via pydantic
anyio==4.14.1
    # via
    #   httpx
    #   starlette
certifi==2026.6.17
    # via
    #   httpcore
    #   httpx
    #   requests
charset-normalizer==3.4.9
    # via requests
click==8.4.2
    # via
    #   uiautomator2
    #   uvicorn
colorama==0.4.6
    # via click
croniter==6.2.4
    # via -r requirements.txt
decorator==5.3.1
    # via retry2
deprecation==2.1.0
    # via adbutils
fastapi==0.139.0
    # via -r requirements.txt
h11==0.16.0
    # via
    #   httpcore
    #   uvicorn
httpcore==1.0.9
    # via httpx
httpx==0.28.1
    # via -r requirements.txt
idna==3.18
    # via
    #   anyio
    #   httpx
    #   requests
lxml==6.1.1
    # via
    #   -r requirements.txt
    #   uiautomator2
packaging==26.2
    # via deprecation
pillow==12.3.0
    # via
    #   -r requirements.txt
    #   adbutils
    #   uiautomator2
psutil==7.2.2
    # via -r requirements.txt
pydantic==2.13.4
    # via
    #   -r requirements.txt
    #   fastapi
pydantic-core==2.46.4
    # via pydantic
python-dateutil==2.9.0.post0
    # via croniter
python-multipart==0.0.32
    # via -r requirements.txt
pyyaml==6.0.3
    # via -r requirements.txt
requests==2.34.2
    # via
    #   adbutils
    #   uiautomator2
retry2==0.9.5
    # via
    #   adbutils
    #   uiautomator2
six==1.17.0
    # via python-dateutil
starlette==1.3.1
    # via fastapi
typing-extensions==4.16.0
    # via
    #   fastapi
    #   pydantic
    #   pydantic-core
    #   typing-inspection
typing-inspection==0.4.2
    # via
    #   fastapi
    #   pydantic
uiautomator2==3.7.0
    # via -r requirements.txt
urllib3==2.7.0
    # via requests
uvicorn==0.51.0
    # via -r requirements.txt
websockets==16.1
    # via -r requirements.txt
